
Microsoft Visual Studio Solution File, Format Version 12.00
# Visual Studio Version 16
VisualStudioVersion = 16.0.29215.179
MinimumVisualStudioVersion = 10.0.40219.1
Project("{FAE04EC0-301F-11D3-BF4B-00C04F79EFBC}") = "Tastic", "Tastic\Tastic.csproj", "{819E1A1B-DF41-4CFE-BAB3-E802CCCCD1E3}"
EndProject
Global
	GlobalSection(SolutionConfigurationPlatforms) = preSolution
		Debug|Any CPU = Debug|Any CPU
		Release|Any CPU = Release|Any CPU
	EndGlobalSection
	GlobalSection(ProjectConfigurationPlatforms) = postSolution
		{819E1A1B-DF41-4CFE-BAB3-E802CCCCD1E3}.Debug|Any CPU.ActiveCfg = Debug|Any CPU
		{819E1A1B-DF41-4CFE-BAB3-E802CCCCD1E3}.Debug|Any CPU.Build.0 = Debug|Any CPU
		{819E1A1B-DF41-4CFE-BAB3-E802CCCCD1E3}.Release|Any CPU.ActiveCfg = Release|Any CPU
		{819E1A1B-DF41-4CFE-BAB3-E802CCCCD1E3}.Release|Any CPU.Build.0 = Release|Any CPU
	EndGlobalSection
	GlobalSection(SolutionProperties) = preSolution
		HideSolutionNode = FALSE
	EndGlobalSection
	GlobalSection(ExtensibilityGlobals) = postSolution
		SolutionGuid = {613359BB-67A4-44D1-9A4C-5EB34648C57D}
	EndGlobalSection
EndGlobal
